
Microsoft Visual Studio Solution File, Format Version 12.00
# Visual Studio 15
VisualStudioVersion = 15.0.26124.0
MinimumVisualStudioVersion = 15.0.26124.0
Project("{2150E333-8FDC-42A3-9474-1A3956D46DE8}") = "Src", "Src", "{23D6B32F-79E3-442C-BF92-F5A7911220A6}"
EndProject
Project("{FAE04EC0-301F-11D3-BF4B-00C04F79EFBC}") = "Assessment.ApplicationCore", "Src\Assessment.ApplicationCore\Assessment.ApplicationCore.csproj", "{E5302659-6BD7-46B6-8C71-22EA8DA0F13A}"
EndProject
Project("{FAE04EC0-301F-11D3-BF4B-00C04F79EFBC}") = "Assessment.Infrastructure", "Src\Assessment.Infrastructure\Assessment.Infrastructure.csproj", "{CA2456D6-6124-47A5-9465-1EF7B826C3A5}"
EndProject
Project("{FAE04EC0-301F-11D3-BF4B-00C04F79EFBC}") = "Assessment.Web", "Src\Assessment.Web\Assessment.Web.csproj", "{CFAC7B7B-2DEA-454E-9C61-718B08B74D53}"
EndProject
Project("{2150E333-8FDC-42A3-9474-1A3956D46DE8}") = "Tests", "Tests", "{45178E07-7103-4B0F-9160-9F1F62803F5D}"
EndProject
Project("{2150E333-8FDC-42A3-9474-1A3956D46DE8}") = "Assessment.Web", "Assessment.Web", "{21CD75AC-BE1D-4A92-AC35-4C26AD43A09E}"
EndProject
Project("{2150E333-8FDC-42A3-9474-1A3956D46DE8}") = "Unit", "Unit", "{8EBD4977-1DD9-4587-902B-197C926FBCBE}"
EndProject
Project("{FAE04EC0-301F-11D3-BF4B-00C04F79EFBC}") = "Web.Unit.Tests", "Tests\Assessment.Web\Unit\Web.Unit.Tests\Web.Unit.Tests.csproj", "{9A71CF7C-9B08-4175-ADAE-0A56526DD5B6}"
EndProject
Global
	GlobalSection(SolutionConfigurationPlatforms) = preSolution
		Debug|Any CPU = Debug|Any CPU
		Debug|x64 = Debug|x64
		Debug|x86 = Debug|x86
		Release|Any CPU = Release|Any CPU
		Release|x64 = Release|x64
		Release|x86 = Release|x86
	EndGlobalSection
	GlobalSection(SolutionProperties) = preSolution
		HideSolutionNode = FALSE
	EndGlobalSection
	GlobalSection(ProjectConfigurationPlatforms) = postSolution
		{E5302659-6BD7-46B6-8C71-22EA8DA0F13A}.Debug|Any CPU.ActiveCfg = Debug|Any CPU
		{E5302659-6BD7-46B6-8C71-22EA8DA0F13A}.Debug|Any CPU.Build.0 = Debug|Any CPU
		{E5302659-6BD7-46B6-8C71-22EA8DA0F13A}.Debug|x64.ActiveCfg = Debug|Any CPU
		{E5302659-6BD7-46B6-8C71-22EA8DA0F13A}.Debug|x64.Build.0 = Debug|Any CPU
		{E5302659-6BD7-46B6-8C71-22EA8DA0F13A}.Debug|x86.ActiveCfg = Debug|Any CPU
		{E5302659-6BD7-46B6-8C71-22EA8DA0F13A}.Debug|x86.Build.0 = Debug|Any CPU
		{E5302659-6BD7-46B6-8C71-22EA8DA0F13A}.Release|Any CPU.ActiveCfg = Release|Any CPU
		{E5302659-6BD7-46B6-8C71-22EA8DA0F13A}.Release|Any CPU.Build.0 = Release|Any CPU
		{E5302659-6BD7-46B6-8C71-22EA8DA0F13A}.Release|x64.ActiveCfg = Release|Any CPU
		{E5302659-6BD7-46B6-8C71-22EA8DA0F13A}.Release|x64.Build.0 = Release|Any CPU
		{E5302659-6BD7-46B6-8C71-22EA8DA0F13A}.Release|x86.ActiveCfg = Release|Any CPU
		{E5302659-6BD7-46B6-8C71-22EA8DA0F13A}.Release|x86.Build.0 = Release|Any CPU
		{CA2456D6-6124-47A5-9465-1EF7B826C3A5}.Debug|Any CPU.ActiveCfg = Debug|Any CPU
		{CA2456D6-6124-47A5-9465-1EF7B826C3A5}.Debug|Any CPU.Build.0 = Debug|Any CPU
		{CA2456D6-6124-47A5-9465-1EF7B826C3A5}.Debug|x64.ActiveCfg = Debug|Any CPU
		{CA2456D6-6124-47A5-9465-1EF7B826C3A5}.Debug|x64.Build.0 = Debug|Any CPU
		{CA2456D6-6124-47A5-9465-1EF7B826C3A5}.Debug|x86.ActiveCfg = Debug|Any CPU
		{CA2456D6-6124-47A5-9465-1EF7B826C3A5}.Debug|x86.Build.0 = Debug|Any CPU
		{CA2456D6-6124-47A5-9465-1EF7B826C3A5}.Release|Any CPU.ActiveCfg = Release|Any CPU
		{CA2456D6-6124-47A5-9465-1EF7B826C3A5}.Release|Any CPU.Build.0 = Release|Any CPU
		{CA2456D6-6124-47A5-9465-1EF7B826C3A5}.Release|x64.ActiveCfg = Release|Any CPU
		{CA2456D6-6124-47A5-9465-1EF7B826C3A5}.Release|x64.Build.0 = Release|Any CPU
		{CA2456D6-6124-47A5-9465-1EF7B826C3A5}.Release|x86.ActiveCfg = Release|Any CPU
		{CA2456D6-6124-47A5-9465-1EF7B826C3A5}.Release|x86.Build.0 = Release|Any CPU
		{CFAC7B7B-2DEA-454E-9C61-718B08B74D53}.Debug|Any CPU.ActiveCfg = Debug|Any CPU
		{CFAC7B7B-2DEA-454E-9C61-718B08B74D53}.Debug|Any CPU.Build.0 = Debug|Any CPU
		{CFAC7B7B-2DEA-454E-9C61-718B08B74D53}.Debug|x64.ActiveCfg = Debug|Any CPU
		{CFAC7B7B-2DEA-454E-9C61-718B08B74D53}.Debug|x64.Build.0 = Debug|Any CPU
		{CFAC7B7B-2DEA-454E-9C61-718B08B74D53}.Debug|x86.ActiveCfg = Debug|Any CPU
		{CFAC7B7B-2DEA-454E-9C61-718B08B74D53}.Debug|x86.Build.0 = Debug|Any CPU
		{CFAC7B7B-2DEA-454E-9C61-718B08B74D53}.Release|Any CPU.ActiveCfg = Release|Any CPU
		{CFAC7B7B-2DEA-454E-9C61-718B08B74D53}.Release|Any CPU.Build.0 = Release|Any CPU
		{CFAC7B7B-2DEA-454E-9C61-718B08B74D53}.Release|x64.ActiveCfg = Release|Any CPU
		{CFAC7B7B-2DEA-454E-9C61-718B08B74D53}.Release|x64.Build.0 = Release|Any CPU
		{CFAC7B7B-2DEA-454E-9C61-718B08B74D53}.Release|x86.ActiveCfg = Release|Any CPU
		{CFAC7B7B-2DEA-454E-9C61-718B08B74D53}.Release|x86.Build.0 = Release|Any CPU
		{9A71CF7C-9B08-4175-ADAE-0A56526DD5B6}.Debug|Any CPU.ActiveCfg = Debug|Any CPU
		{9A71CF7C-9B08-4175-ADAE-0A56526DD5B6}.Debug|Any CPU.Build.0 = Debug|Any CPU
		{9A71CF7C-9B08-4175-ADAE-0A56526DD5B6}.Debug|x64.ActiveCfg = Debug|Any CPU
		{9A71CF7C-9B08-4175-ADAE-0A56526DD5B6}.Debug|x64.Build.0 = Debug|Any CPU
		{9A71CF7C-9B08-4175-ADAE-0A56526DD5B6}.Debug|x86.ActiveCfg = Debug|Any CPU
		{9A71CF7C-9B08-4175-ADAE-0A56526DD5B6}.Debug|x86.Build.0 = Debug|Any CPU
		{9A71CF7C-9B08-4175-ADAE-0A56526DD5B6}.Release|Any CPU.ActiveCfg = Release|Any CPU
		{9A71CF7C-9B08-4175-ADAE-0A56526DD5B6}.Release|Any CPU.Build.0 = Release|Any CPU
		{9A71CF7C-9B08-4175-ADAE-0A56526DD5B6}.Release|x64.ActiveCfg = Release|Any CPU
		{9A71CF7C-9B08-4175-ADAE-0A56526DD5B6}.Release|x64.Build.0 = Release|Any CPU
		{9A71CF7C-9B08-4175-ADAE-0A56526DD5B6}.Release|x86.ActiveCfg = Release|Any CPU
		{9A71CF7C-9B08-4175-ADAE-0A56526DD5B6}.Release|x86.Build.0 = Release|Any CPU
	EndGlobalSection
	GlobalSection(NestedProjects) = preSolution
		{E5302659-6BD7-46B6-8C71-22EA8DA0F13A} = {23D6B32F-79E3-442C-BF92-F5A7911220A6}
		{CA2456D6-6124-47A5-9465-1EF7B826C3A5} = {23D6B32F-79E3-442C-BF92-F5A7911220A6}
		{CFAC7B7B-2DEA-454E-9C61-718B08B74D53} = {23D6B32F-79E3-442C-BF92-F5A7911220A6}
		{21CD75AC-BE1D-4A92-AC35-4C26AD43A09E} = {45178E07-7103-4B0F-9160-9F1F62803F5D}
		{8EBD4977-1DD9-4587-902B-197C926FBCBE} = {21CD75AC-BE1D-4A92-AC35-4C26AD43A09E}
		{9A71CF7C-9B08-4175-ADAE-0A56526DD5B6} = {8EBD4977-1DD9-4587-902B-197C926FBCBE}
	EndGlobalSection
EndGlobal
